
Microsoft Visual Studio Solution File, Format Version 12.00
# Visual Studio Version 17
VisualStudioVersion = 17.2.32616.157
MinimumVisualStudioVersion = 10.0.40219.1
Project("{FAE04EC0-301F-11D3-BF4B-00C04F79EFBC}") = "Calculator", "Calculator\Calculator.csproj", "{A0CEA74C-D588-4189-80C5-3AD8006FB407}"
EndProject
Global
	GlobalSection(SolutionConfigurationPlatforms) = preSolution
		Debug|Any CPU = Debug|Any CPU
		Release|Any CPU = Release|Any CPU
	EndGlobalSection
	GlobalSection(ProjectConfigurationPlatforms) = postSolution
		{A0CEA74C-D588-4189-80C5-3AD8006FB407}.Debug|Any CPU.ActiveCfg = Debug|Any CPU
		{A0CEA74C-D588-4189-80C5-3AD8006FB407}.Debug|Any CPU.Build.0 = Debug|Any CPU
		{A0CEA74C-D588-4189-80C5-3AD8006FB407}.Release|Any CPU.ActiveCfg = Release|Any CPU
		{A0CEA74C-D588-4189-80C5-3AD8006FB407}.Release|Any CPU.Build.0 = Release|Any CPU
	EndGlobalSection
	GlobalSection(SolutionProperties) = preSolution
		HideSolutionNode = FALSE
	EndGlobalSection
	GlobalSection(ExtensibilityGlobals) = postSolution
		SolutionGuid = {DB51D32E-A830-47CA-9D8E-38A1E5AA3A5B}
	EndGlobalSection
EndGlobal
